
Microsoft Visual Studio Solution File, Format Version 12.00
# Visual Studio Version 16
VisualStudioVersion = 16.0.29728.190
MinimumVisualStudioVersion = 10.0.40219.1
Project("{FAE04EC0-301F-11D3-BF4B-00C04F79EFBC}") = "HorseDb", "HorseDb\HorseDb.csproj", "{08E0EA4D-E0E8-4728-BF4F-83D0FFE2CFEB}"
EndProject
Global
	GlobalSection(SolutionConfigurationPlatforms) = preSolution
		Debug|Any CPU = Debug|Any CPU
		Release|Any CPU = Release|Any CPU
	EndGlobalSection
	GlobalSection(ProjectConfigurationPlatforms) = postSolution
		{08E0EA4D-E0E8-4728-BF4F-83D0FFE2CFEB}.Debug|Any CPU.ActiveCfg = Debug|Any CPU
		{08E0EA4D-E0E8-4728-BF4F-83D0FFE2CFEB}.Debug|Any CPU.Build.0 = Debug|Any CPU
		{08E0EA4D-E0E8-4728-BF4F-83D0FFE2CFEB}.Release|Any CPU.ActiveCfg = Release|Any CPU
		{08E0EA4D-E0E8-4728-BF4F-83D0FFE2CFEB}.Release|Any CPU.Build.0 = Release|Any CPU
	EndGlobalSection
	GlobalSection(SolutionProperties) = preSolution
		HideSolutionNode = FALSE
	EndGlobalSection
	GlobalSection(ExtensibilityGlobals) = postSolution
		SolutionGuid = {06B978E2-C562-453F-99F4-D3C55BE8ADCC}
	EndGlobalSection
EndGlobal
